
Microsoft Visual Studio Solution File, Format Version 12.00
# Visual Studio Version 17
VisualStudioVersion = 17.0.31903.59
MinimumVisualStudioVersion = 10.0.40219.1
Project("{FAE04EC0-301F-11D3-BF4B-00C04F79EFBC}") = "01. Minions", "01. Minions\01. Minions.csproj", "{AA9FB2FB-6945-49CA-869C-AF6502CFD036}"
EndProject
Global
	GlobalSection(SolutionConfigurationPlatforms) = preSolution
		Debug|Any CPU = Debug|Any CPU
		Release|Any CPU = Release|Any CPU
	EndGlobalSection
	GlobalSection(ProjectConfigurationPlatforms) = postSolution
		{AA9FB2FB-6945-49CA-869C-AF6502CFD036}.Debug|Any CPU.ActiveCfg = Debug|Any CPU
		{AA9FB2FB-6945-49CA-869C-AF6502CFD036}.Debug|Any CPU.Build.0 = Debug|Any CPU
		{AA9FB2FB-6945-49CA-869C-AF6502CFD036}.Release|Any CPU.ActiveCfg = Release|Any CPU
		{AA9FB2FB-6945-49CA-869C-AF6502CFD036}.Release|Any CPU.Build.0 = Release|Any CPU
	EndGlobalSection
	GlobalSection(SolutionProperties) = preSolution
		HideSolutionNode = FALSE
	EndGlobalSection
	GlobalSection(ExtensibilityGlobals) = postSolution
		SolutionGuid = {6A12DA93-830B-4A19-B0ED-1921F99921DA}
	EndGlobalSection
EndGlobal
