
Microsoft Visual Studio Solution File, Format Version 12.00
# Visual Studio Version 16
VisualStudioVersion = 16.0.30104.148
MinimumVisualStudioVersion = 10.0.40219.1
Project("{FAE04EC0-301F-11D3-BF4B-00C04F79EFBC}") = "01. National Court", "01. National Court\01. National Court.csproj", "{C50EA73E-BEDC-4C5A-9322-C2FA65B871FF}"
EndProject
Project("{FAE04EC0-301F-11D3-BF4B-00C04F79EFBC}") = "02. Shopping List", "02. Shopping List\02. Shopping List.csproj", "{C9ED0D1E-F27C-43A8-A1B8-FD6FC853B717}"
EndProject
Project("{FAE04EC0-301F-11D3-BF4B-00C04F79EFBC}") = "03. Heart Delivery", "03. Heart Delivery\03. Heart Delivery.csproj", "{3B0E5C8C-93FE-48E5-AE07-F4D30FA943C5}"
EndProject
Global
	GlobalSection(SolutionConfigurationPlatforms) = preSolution
		Debug|Any CPU = Debug|Any CPU
		Release|Any CPU = Release|Any CPU
	EndGlobalSection
	GlobalSection(ProjectConfigurationPlatforms) = postSolution
		{C50EA73E-BEDC-4C5A-9322-C2FA65B871FF}.Debug|Any CPU.ActiveCfg = Debug|Any CPU
		{C50EA73E-BEDC-4C5A-9322-C2FA65B871FF}.Debug|Any CPU.Build.0 = Debug|Any CPU
		{C50EA73E-BEDC-4C5A-9322-C2FA65B871FF}.Release|Any CPU.ActiveCfg = Release|Any CPU
		{C50EA73E-BEDC-4C5A-9322-C2FA65B871FF}.Release|Any CPU.Build.0 = Release|Any CPU
		{C9ED0D1E-F27C-43A8-A1B8-FD6FC853B717}.Debug|Any CPU.ActiveCfg = Debug|Any CPU
		{C9ED0D1E-F27C-43A8-A1B8-FD6FC853B717}.Debug|Any CPU.Build.0 = Debug|Any CPU
		{C9ED0D1E-F27C-43A8-A1B8-FD6FC853B717}.Release|Any CPU.ActiveCfg = Release|Any CPU
		{C9ED0D1E-F27C-43A8-A1B8-FD6FC853B717}.Release|Any CPU.Build.0 = Release|Any CPU
		{3B0E5C8C-93FE-48E5-AE07-F4D30FA943C5}.Debug|Any CPU.ActiveCfg = Debug|Any CPU
		{3B0E5C8C-93FE-48E5-AE07-F4D30FA943C5}.Debug|Any CPU.Build.0 = Debug|Any CPU
		{3B0E5C8C-93FE-48E5-AE07-F4D30FA943C5}.Release|Any CPU.ActiveCfg = Release|Any CPU
		{3B0E5C8C-93FE-48E5-AE07-F4D30FA943C5}.Release|Any CPU.Build.0 = Release|Any CPU
	EndGlobalSection
	GlobalSection(SolutionProperties) = preSolution
		HideSolutionNode = FALSE
	EndGlobalSection
	GlobalSection(ExtensibilityGlobals) = postSolution
		SolutionGuid = {EC8A626B-5FAD-4362-9ABB-F08A93E5CC50}
	EndGlobalSection
EndGlobal
