
Microsoft Visual Studio Solution File, Format Version 12.00
# Visual Studio Version 17
VisualStudioVersion = 17.0.31903.59
MinimumVisualStudioVersion = 10.0.40219.1
Project("{9A19103F-16F7-4668-BE54-9A1E7A4F7556}") = "SoftUni", "SoftUni\SoftUni.csproj", "{FB03C1A5-5458-4835-BF5A-040B8E0967EE}"
EndProject
Global
	GlobalSection(SolutionConfigurationPlatforms) = preSolution
		Debug|Any CPU = Debug|Any CPU
		Release|Any CPU = Release|Any CPU
	EndGlobalSection
	GlobalSection(ProjectConfigurationPlatforms) = postSolution
		{FB03C1A5-5458-4835-BF5A-040B8E0967EE}.Debug|Any CPU.ActiveCfg = Debug|Any CPU
		{FB03C1A5-5458-4835-BF5A-040B8E0967EE}.Debug|Any CPU.Build.0 = Debug|Any CPU
		{FB03C1A5-5458-4835-BF5A-040B8E0967EE}.Release|Any CPU.ActiveCfg = Release|Any CPU
		{FB03C1A5-5458-4835-BF5A-040B8E0967EE}.Release|Any CPU.Build.0 = Release|Any CPU
	EndGlobalSection
	GlobalSection(SolutionProperties) = preSolution
		HideSolutionNode = FALSE
	EndGlobalSection
	GlobalSection(ExtensibilityGlobals) = postSolution
		SolutionGuid = {B01390F1-5600-4883-8EA5-B4F00EC671BA}
	EndGlobalSection
EndGlobal
