
Microsoft Visual Studio Solution File, Format Version 12.00
# Visual Studio Version 16
VisualStudioVersion = 16.0.30104.148
MinimumVisualStudioVersion = 10.0.40219.1
Project("{FAE04EC0-301F-11D3-BF4B-00C04F79EFBC}") = "01. ListyIterator", "01. ListyIterator\01. ListyIterator.csproj", "{8AD0C347-D8ED-4446-8B5C-2195CE2B570E}"
EndProject
Project("{FAE04EC0-301F-11D3-BF4B-00C04F79EFBC}") = "02. Collection", "02. Collection\02. Collection.csproj", "{88042F61-2635-47FE-8E87-56808CEED298}"
EndProject
Project("{FAE04EC0-301F-11D3-BF4B-00C04F79EFBC}") = "03. Stack", "03. Stack\03. Stack.csproj", "{FF1E2C7E-67E9-4CE3-905E-EAAC741323B5}"
EndProject
Project("{FAE04EC0-301F-11D3-BF4B-00C04F79EFBC}") = "04. Froggy", "04. Froggy\04. Froggy.csproj", "{DB4FA055-6C4A-4977-BEDC-8250426F95F4}"
EndProject
Project("{FAE04EC0-301F-11D3-BF4B-00C04F79EFBC}") = "05. Comapring Objects", "05. Comapring Objects\05. Comapring Objects.csproj", "{49CE8B60-8871-43DB-8FD8-1CF3245D913D}"
EndProject
Global
	GlobalSection(SolutionConfigurationPlatforms) = preSolution
		Debug|Any CPU = Debug|Any CPU
		Release|Any CPU = Release|Any CPU
	EndGlobalSection
	GlobalSection(ProjectConfigurationPlatforms) = postSolution
		{8AD0C347-D8ED-4446-8B5C-2195CE2B570E}.Debug|Any CPU.ActiveCfg = Debug|Any CPU
		{8AD0C347-D8ED-4446-8B5C-2195CE2B570E}.Debug|Any CPU.Build.0 = Debug|Any CPU
		{8AD0C347-D8ED-4446-8B5C-2195CE2B570E}.Release|Any CPU.ActiveCfg = Release|Any CPU
		{8AD0C347-D8ED-4446-8B5C-2195CE2B570E}.Release|Any CPU.Build.0 = Release|Any CPU
		{88042F61-2635-47FE-8E87-56808CEED298}.Debug|Any CPU.ActiveCfg = Debug|Any CPU
		{88042F61-2635-47FE-8E87-56808CEED298}.Debug|Any CPU.Build.0 = Debug|Any CPU
		{88042F61-2635-47FE-8E87-56808CEED298}.Release|Any CPU.ActiveCfg = Release|Any CPU
		{88042F61-2635-47FE-8E87-56808CEED298}.Release|Any CPU.Build.0 = Release|Any CPU
		{FF1E2C7E-67E9-4CE3-905E-EAAC741323B5}.Debug|Any CPU.ActiveCfg = Debug|Any CPU
		{FF1E2C7E-67E9-4CE3-905E-EAAC741323B5}.Debug|Any CPU.Build.0 = Debug|Any CPU
		{FF1E2C7E-67E9-4CE3-905E-EAAC741323B5}.Release|Any CPU.ActiveCfg = Release|Any CPU
		{FF1E2C7E-67E9-4CE3-905E-EAAC741323B5}.Release|Any CPU.Build.0 = Release|Any CPU
		{DB4FA055-6C4A-4977-BEDC-8250426F95F4}.Debug|Any CPU.ActiveCfg = Debug|Any CPU
		{DB4FA055-6C4A-4977-BEDC-8250426F95F4}.Debug|Any CPU.Build.0 = Debug|Any CPU
		{DB4FA055-6C4A-4977-BEDC-8250426F95F4}.Release|Any CPU.ActiveCfg = Release|Any CPU
		{DB4FA055-6C4A-4977-BEDC-8250426F95F4}.Release|Any CPU.Build.0 = Release|Any CPU
		{49CE8B60-8871-43DB-8FD8-1CF3245D913D}.Debug|Any CPU.ActiveCfg = Debug|Any CPU
		{49CE8B60-8871-43DB-8FD8-1CF3245D913D}.Debug|Any CPU.Build.0 = Debug|Any CPU
		{49CE8B60-8871-43DB-8FD8-1CF3245D913D}.Release|Any CPU.ActiveCfg = Release|Any CPU
		{49CE8B60-8871-43DB-8FD8-1CF3245D913D}.Release|Any CPU.Build.0 = Release|Any CPU
	EndGlobalSection
	GlobalSection(SolutionProperties) = preSolution
		HideSolutionNode = FALSE
	EndGlobalSection
	GlobalSection(ExtensibilityGlobals) = postSolution
		SolutionGuid = {3AF16C8E-1E43-47D2-BE39-B3C761D9D5F5}
	EndGlobalSection
EndGlobal
