
Microsoft Visual Studio Solution File, Format Version 12.00
# Visual Studio Version 16
VisualStudioVersion = 16.0.30104.148
MinimumVisualStudioVersion = 10.0.40219.1
Project("{9A19103F-16F7-4668-BE54-9A1E7A4F7556}") = "01. Ages", "01. Ages\01. Ages.csproj", "{2CFF8124-657F-4A82-BF5C-3EEE86371BC9}"
EndProject
Project("{9A19103F-16F7-4668-BE54-9A1E7A4F7556}") = "02. Divison", "02. Divison\02. Divison.csproj", "{8B6F0F89-7677-4EEC-96BA-C6ACCD7E0232}"
EndProject
Project("{9A19103F-16F7-4668-BE54-9A1E7A4F7556}") = "03. Vacation", "03. Vacation\03. Vacation.csproj", "{7797A910-670D-4131-BE3E-1151CABDBCB9}"
EndProject
Project("{9A19103F-16F7-4668-BE54-9A1E7A4F7556}") = "04. Print and Sum", "04. Print and Sum\04. Print and Sum.csproj", "{7C31CD70-E352-4110-92B6-446B6A2D8255}"
EndProject
Project("{9A19103F-16F7-4668-BE54-9A1E7A4F7556}") = "05. Login", "05. Login\05. Login.csproj", "{7D8253B9-5DCC-4361-8B8A-11090A4D293E}"
EndProject
Project("{9A19103F-16F7-4668-BE54-9A1E7A4F7556}") = "06. Strong Number", "06. Strong number\06. Strong Number.csproj", "{17454DBB-E449-4863-A60C-7D4B47581822}"
EndProject
Project("{9A19103F-16F7-4668-BE54-9A1E7A4F7556}") = "07. Vending Machine", "07. Vending Machine\07. Vending Machine.csproj", "{0C9A0D51-584E-4D26-AD28-C04BE504D589}"
EndProject
Project("{9A19103F-16F7-4668-BE54-9A1E7A4F7556}") = "08. Triangle of Numbers", "08. Triangle of Numbers\08. Triangle of Numbers.csproj", "{BE15DB44-8E84-48BC-8163-642C6F3E84FB}"
EndProject
Global
	GlobalSection(SolutionConfigurationPlatforms) = preSolution
		Debug|Any CPU = Debug|Any CPU
		Release|Any CPU = Release|Any CPU
	EndGlobalSection
	GlobalSection(ProjectConfigurationPlatforms) = postSolution
		{2CFF8124-657F-4A82-BF5C-3EEE86371BC9}.Debug|Any CPU.ActiveCfg = Debug|Any CPU
		{2CFF8124-657F-4A82-BF5C-3EEE86371BC9}.Debug|Any CPU.Build.0 = Debug|Any CPU
		{2CFF8124-657F-4A82-BF5C-3EEE86371BC9}.Release|Any CPU.ActiveCfg = Release|Any CPU
		{2CFF8124-657F-4A82-BF5C-3EEE86371BC9}.Release|Any CPU.Build.0 = Release|Any CPU
		{8B6F0F89-7677-4EEC-96BA-C6ACCD7E0232}.Debug|Any CPU.ActiveCfg = Debug|Any CPU
		{8B6F0F89-7677-4EEC-96BA-C6ACCD7E0232}.Debug|Any CPU.Build.0 = Debug|Any CPU
		{8B6F0F89-7677-4EEC-96BA-C6ACCD7E0232}.Release|Any CPU.ActiveCfg = Release|Any CPU
		{8B6F0F89-7677-4EEC-96BA-C6ACCD7E0232}.Release|Any CPU.Build.0 = Release|Any CPU
		{7797A910-670D-4131-BE3E-1151CABDBCB9}.Debug|Any CPU.ActiveCfg = Debug|Any CPU
		{7797A910-670D-4131-BE3E-1151CABDBCB9}.Debug|Any CPU.Build.0 = Debug|Any CPU
		{7797A910-670D-4131-BE3E-1151CABDBCB9}.Release|Any CPU.ActiveCfg = Release|Any CPU
		{7797A910-670D-4131-BE3E-1151CABDBCB9}.Release|Any CPU.Build.0 = Release|Any CPU
		{7C31CD70-E352-4110-92B6-446B6A2D8255}.Debug|Any CPU.ActiveCfg = Debug|Any CPU
		{7C31CD70-E352-4110-92B6-446B6A2D8255}.Debug|Any CPU.Build.0 = Debug|Any CPU
		{7C31CD70-E352-4110-92B6-446B6A2D8255}.Release|Any CPU.ActiveCfg = Release|Any CPU
		{7C31CD70-E352-4110-92B6-446B6A2D8255}.Release|Any CPU.Build.0 = Release|Any CPU
		{7D8253B9-5DCC-4361-8B8A-11090A4D293E}.Debug|Any CPU.ActiveCfg = Debug|Any CPU
		{7D8253B9-5DCC-4361-8B8A-11090A4D293E}.Debug|Any CPU.Build.0 = Debug|Any CPU
		{7D8253B9-5DCC-4361-8B8A-11090A4D293E}.Release|Any CPU.ActiveCfg = Release|Any CPU
		{7D8253B9-5DCC-4361-8B8A-11090A4D293E}.Release|Any CPU.Build.0 = Release|Any CPU
		{17454DBB-E449-4863-A60C-7D4B47581822}.Debug|Any CPU.ActiveCfg = Debug|Any CPU
		{17454DBB-E449-4863-A60C-7D4B47581822}.Debug|Any CPU.Build.0 = Debug|Any CPU
		{17454DBB-E449-4863-A60C-7D4B47581822}.Release|Any CPU.ActiveCfg = Release|Any CPU
		{17454DBB-E449-4863-A60C-7D4B47581822}.Release|Any CPU.Build.0 = Release|Any CPU
		{0C9A0D51-584E-4D26-AD28-C04BE504D589}.Debug|Any CPU.ActiveCfg = Debug|Any CPU
		{0C9A0D51-584E-4D26-AD28-C04BE504D589}.Debug|Any CPU.Build.0 = Debug|Any CPU
		{0C9A0D51-584E-4D26-AD28-C04BE504D589}.Release|Any CPU.ActiveCfg = Release|Any CPU
		{0C9A0D51-584E-4D26-AD28-C04BE504D589}.Release|Any CPU.Build.0 = Release|Any CPU
		{BE15DB44-8E84-48BC-8163-642C6F3E84FB}.Debug|Any CPU.ActiveCfg = Debug|Any CPU
		{BE15DB44-8E84-48BC-8163-642C6F3E84FB}.Debug|Any CPU.Build.0 = Debug|Any CPU
		{BE15DB44-8E84-48BC-8163-642C6F3E84FB}.Release|Any CPU.ActiveCfg = Release|Any CPU
		{BE15DB44-8E84-48BC-8163-642C6F3E84FB}.Release|Any CPU.Build.0 = Release|Any CPU
	EndGlobalSection
	GlobalSection(SolutionProperties) = preSolution
		HideSolutionNode = FALSE
	EndGlobalSection
	GlobalSection(ExtensibilityGlobals) = postSolution
		SolutionGuid = {DDAF30A4-7033-40FF-872C-588ECD562D04}
	EndGlobalSection
EndGlobal
