
Microsoft Visual Studio Solution File, Format Version 12.00
# Visual Studio Version 16
VisualStudioVersion = 16.0.30104.148
MinimumVisualStudioVersion = 10.0.40219.1
Project("{9A19103F-16F7-4668-BE54-9A1E7A4F7556}") = "01. Logger", "01. Logger\01. Logger.csproj", "{EE8F8FC4-FC04-42D5-AB03-43F166C3D995}"
EndProject
Global
	GlobalSection(SolutionConfigurationPlatforms) = preSolution
		Debug|Any CPU = Debug|Any CPU
		Release|Any CPU = Release|Any CPU
	EndGlobalSection
	GlobalSection(ProjectConfigurationPlatforms) = postSolution
		{EE8F8FC4-FC04-42D5-AB03-43F166C3D995}.Debug|Any CPU.ActiveCfg = Debug|Any CPU
		{EE8F8FC4-FC04-42D5-AB03-43F166C3D995}.Debug|Any CPU.Build.0 = Debug|Any CPU
		{EE8F8FC4-FC04-42D5-AB03-43F166C3D995}.Release|Any CPU.ActiveCfg = Release|Any CPU
		{EE8F8FC4-FC04-42D5-AB03-43F166C3D995}.Release|Any CPU.Build.0 = Release|Any CPU
	EndGlobalSection
	GlobalSection(SolutionProperties) = preSolution
		HideSolutionNode = FALSE
	EndGlobalSection
	GlobalSection(ExtensibilityGlobals) = postSolution
		SolutionGuid = {6C11FEFA-EA2E-4407-B8B0-3EFAEE9C66D4}
	EndGlobalSection
EndGlobal
