
Microsoft Visual Studio Solution File, Format Version 12.00
# Visual Studio Version 16
VisualStudioVersion = 16.0.30104.148
MinimumVisualStudioVersion = 10.0.40219.1
Project("{9A19103F-16F7-4668-BE54-9A1E7A4F7556}") = "01. Diagonal Difference", "01. Diagonal Difference\01. Diagonal Difference.csproj", "{3416D6B4-9C95-48B2-997F-1EF5A4B4A83D}"
EndProject
Project("{9A19103F-16F7-4668-BE54-9A1E7A4F7556}") = "02. Squares in Matrix", "02. Squares in Matrix\02. Squares in Matrix.csproj", "{97866703-C8E7-4D60-A5D4-8A7AAFEAE880}"
EndProject
Project("{9A19103F-16F7-4668-BE54-9A1E7A4F7556}") = "03. Maximal Sum", "03. Maximal Sum\03. Maximal Sum.csproj", "{55C9C461-40A0-4F79-B3FD-376B60A3F4D6}"
EndProject
Project("{9A19103F-16F7-4668-BE54-9A1E7A4F7556}") = "04. Matrix Shuffling", "04. Matrix Shuffling\04. Matrix Shuffling.csproj", "{5CBF0E64-020C-441A-ACEA-2CA5105248A1}"
EndProject
Project("{FAE04EC0-301F-11D3-BF4B-00C04F79EFBC}") = "05. Snake Moves", "05. Snake Moves\05. Snake Moves.csproj", "{937B29B5-8C94-4AEC-87BF-B3366E30332A}"
EndProject
Project("{FAE04EC0-301F-11D3-BF4B-00C04F79EFBC}") = "06. Jagged Array Manipulator", "06. Jagged Array Manipulator\06. Jagged Array Manipulator.csproj", "{31DE5139-DEA4-403F-BA0E-5CA5A293F831}"
EndProject
Project("{FAE04EC0-301F-11D3-BF4B-00C04F79EFBC}") = "07. Knight Game", "07. Knight Game\07. Knight Game.csproj", "{79738E96-9877-46E6-9069-A7A55D306282}"
EndProject
Global
	GlobalSection(SolutionConfigurationPlatforms) = preSolution
		Debug|Any CPU = Debug|Any CPU
		Release|Any CPU = Release|Any CPU
	EndGlobalSection
	GlobalSection(ProjectConfigurationPlatforms) = postSolution
		{3416D6B4-9C95-48B2-997F-1EF5A4B4A83D}.Debug|Any CPU.ActiveCfg = Debug|Any CPU
		{3416D6B4-9C95-48B2-997F-1EF5A4B4A83D}.Debug|Any CPU.Build.0 = Debug|Any CPU
		{3416D6B4-9C95-48B2-997F-1EF5A4B4A83D}.Release|Any CPU.ActiveCfg = Release|Any CPU
		{3416D6B4-9C95-48B2-997F-1EF5A4B4A83D}.Release|Any CPU.Build.0 = Release|Any CPU
		{97866703-C8E7-4D60-A5D4-8A7AAFEAE880}.Debug|Any CPU.ActiveCfg = Debug|Any CPU
		{97866703-C8E7-4D60-A5D4-8A7AAFEAE880}.Debug|Any CPU.Build.0 = Debug|Any CPU
		{97866703-C8E7-4D60-A5D4-8A7AAFEAE880}.Release|Any CPU.ActiveCfg = Release|Any CPU
		{97866703-C8E7-4D60-A5D4-8A7AAFEAE880}.Release|Any CPU.Build.0 = Release|Any CPU
		{55C9C461-40A0-4F79-B3FD-376B60A3F4D6}.Debug|Any CPU.ActiveCfg = Debug|Any CPU
		{55C9C461-40A0-4F79-B3FD-376B60A3F4D6}.Debug|Any CPU.Build.0 = Debug|Any CPU
		{55C9C461-40A0-4F79-B3FD-376B60A3F4D6}.Release|Any CPU.ActiveCfg = Release|Any CPU
		{55C9C461-40A0-4F79-B3FD-376B60A3F4D6}.Release|Any CPU.Build.0 = Release|Any CPU
		{5CBF0E64-020C-441A-ACEA-2CA5105248A1}.Debug|Any CPU.ActiveCfg = Debug|Any CPU
		{5CBF0E64-020C-441A-ACEA-2CA5105248A1}.Debug|Any CPU.Build.0 = Debug|Any CPU
		{5CBF0E64-020C-441A-ACEA-2CA5105248A1}.Release|Any CPU.ActiveCfg = Release|Any CPU
		{5CBF0E64-020C-441A-ACEA-2CA5105248A1}.Release|Any CPU.Build.0 = Release|Any CPU
		{937B29B5-8C94-4AEC-87BF-B3366E30332A}.Debug|Any CPU.ActiveCfg = Debug|Any CPU
		{937B29B5-8C94-4AEC-87BF-B3366E30332A}.Debug|Any CPU.Build.0 = Debug|Any CPU
		{937B29B5-8C94-4AEC-87BF-B3366E30332A}.Release|Any CPU.ActiveCfg = Release|Any CPU
		{937B29B5-8C94-4AEC-87BF-B3366E30332A}.Release|Any CPU.Build.0 = Release|Any CPU
		{31DE5139-DEA4-403F-BA0E-5CA5A293F831}.Debug|Any CPU.ActiveCfg = Debug|Any CPU
		{31DE5139-DEA4-403F-BA0E-5CA5A293F831}.Debug|Any CPU.Build.0 = Debug|Any CPU
		{31DE5139-DEA4-403F-BA0E-5CA5A293F831}.Release|Any CPU.ActiveCfg = Release|Any CPU
		{31DE5139-DEA4-403F-BA0E-5CA5A293F831}.Release|Any CPU.Build.0 = Release|Any CPU
		{79738E96-9877-46E6-9069-A7A55D306282}.Debug|Any CPU.ActiveCfg = Debug|Any CPU
		{79738E96-9877-46E6-9069-A7A55D306282}.Debug|Any CPU.Build.0 = Debug|Any CPU
		{79738E96-9877-46E6-9069-A7A55D306282}.Release|Any CPU.ActiveCfg = Release|Any CPU
		{79738E96-9877-46E6-9069-A7A55D306282}.Release|Any CPU.Build.0 = Release|Any CPU
	EndGlobalSection
	GlobalSection(SolutionProperties) = preSolution
		HideSolutionNode = FALSE
	EndGlobalSection
	GlobalSection(ExtensibilityGlobals) = postSolution
		SolutionGuid = {DC2DCF7E-DB8B-4148-9522-E6FA01A7DB8B}
	EndGlobalSection
EndGlobal
