
Microsoft Visual Studio Solution File, Format Version 12.00
# Visual Studio Version 17
VisualStudioVersion = 17.0.31903.59
MinimumVisualStudioVersion = 10.0.40219.1
Project("{9A19103F-16F7-4668-BE54-9A1E7A4F7556}") = "FootballBetting.Models", "FootballBetting.Models\FootballBetting.Models.csproj", "{8D239510-AA87-48B7-9449-078179DAA480}"
EndProject
Project("{9A19103F-16F7-4668-BE54-9A1E7A4F7556}") = "FootballBetting.Data", "FootballBetting.Data\FootballBetting.Data.csproj", "{DE2A419C-0764-4C33-AD8F-F196547C6D3A}"
EndProject
Project("{9A19103F-16F7-4668-BE54-9A1E7A4F7556}") = "FootballBetting", "FootballBetting\FootballBetting.csproj", "{578AE4AB-88F4-4D7B-8FC0-154C56BDEAB7}"
EndProject
Project("{9A19103F-16F7-4668-BE54-9A1E7A4F7556}") = "StudentSystem.Data", "StudentSystem.Data\StudentSystem.Data.csproj", "{1AE4ECFE-AA0F-438C-8A9D-A844B6B2021F}"
EndProject
Project("{9A19103F-16F7-4668-BE54-9A1E7A4F7556}") = "StudentSystem", "StudentSystem\StudentSystem.csproj", "{E935839D-E54E-408A-83A7-BDAB7AE86152}"
EndProject
Project("{9A19103F-16F7-4668-BE54-9A1E7A4F7556}") = "StudentSystem.Models", "StudentSystem.Models\StudentSystem.Models.csproj", "{81677EB7-395C-433D-8E53-EA3C76D28195}"
EndProject
Global
	GlobalSection(SolutionConfigurationPlatforms) = preSolution
		Debug|Any CPU = Debug|Any CPU
		Release|Any CPU = Release|Any CPU
	EndGlobalSection
	GlobalSection(ProjectConfigurationPlatforms) = postSolution
		{8D239510-AA87-48B7-9449-078179DAA480}.Debug|Any CPU.ActiveCfg = Debug|Any CPU
		{8D239510-AA87-48B7-9449-078179DAA480}.Debug|Any CPU.Build.0 = Debug|Any CPU
		{8D239510-AA87-48B7-9449-078179DAA480}.Release|Any CPU.ActiveCfg = Release|Any CPU
		{8D239510-AA87-48B7-9449-078179DAA480}.Release|Any CPU.Build.0 = Release|Any CPU
		{DE2A419C-0764-4C33-AD8F-F196547C6D3A}.Debug|Any CPU.ActiveCfg = Debug|Any CPU
		{DE2A419C-0764-4C33-AD8F-F196547C6D3A}.Debug|Any CPU.Build.0 = Debug|Any CPU
		{DE2A419C-0764-4C33-AD8F-F196547C6D3A}.Release|Any CPU.ActiveCfg = Release|Any CPU
		{DE2A419C-0764-4C33-AD8F-F196547C6D3A}.Release|Any CPU.Build.0 = Release|Any CPU
		{578AE4AB-88F4-4D7B-8FC0-154C56BDEAB7}.Debug|Any CPU.ActiveCfg = Debug|Any CPU
		{578AE4AB-88F4-4D7B-8FC0-154C56BDEAB7}.Debug|Any CPU.Build.0 = Debug|Any CPU
		{578AE4AB-88F4-4D7B-8FC0-154C56BDEAB7}.Release|Any CPU.ActiveCfg = Release|Any CPU
		{578AE4AB-88F4-4D7B-8FC0-154C56BDEAB7}.Release|Any CPU.Build.0 = Release|Any CPU
		{1AE4ECFE-AA0F-438C-8A9D-A844B6B2021F}.Debug|Any CPU.ActiveCfg = Debug|Any CPU
		{1AE4ECFE-AA0F-438C-8A9D-A844B6B2021F}.Debug|Any CPU.Build.0 = Debug|Any CPU
		{1AE4ECFE-AA0F-438C-8A9D-A844B6B2021F}.Release|Any CPU.ActiveCfg = Release|Any CPU
		{1AE4ECFE-AA0F-438C-8A9D-A844B6B2021F}.Release|Any CPU.Build.0 = Release|Any CPU
		{E935839D-E54E-408A-83A7-BDAB7AE86152}.Debug|Any CPU.ActiveCfg = Debug|Any CPU
		{E935839D-E54E-408A-83A7-BDAB7AE86152}.Debug|Any CPU.Build.0 = Debug|Any CPU
		{E935839D-E54E-408A-83A7-BDAB7AE86152}.Release|Any CPU.ActiveCfg = Release|Any CPU
		{E935839D-E54E-408A-83A7-BDAB7AE86152}.Release|Any CPU.Build.0 = Release|Any CPU
		{81677EB7-395C-433D-8E53-EA3C76D28195}.Debug|Any CPU.ActiveCfg = Debug|Any CPU
		{81677EB7-395C-433D-8E53-EA3C76D28195}.Debug|Any CPU.Build.0 = Debug|Any CPU
		{81677EB7-395C-433D-8E53-EA3C76D28195}.Release|Any CPU.ActiveCfg = Release|Any CPU
		{81677EB7-395C-433D-8E53-EA3C76D28195}.Release|Any CPU.Build.0 = Release|Any CPU
	EndGlobalSection
	GlobalSection(SolutionProperties) = preSolution
		HideSolutionNode = FALSE
	EndGlobalSection
	GlobalSection(ExtensibilityGlobals) = postSolution
		SolutionGuid = {A378437F-C43F-47C3-A44A-DDBF6AEFA4EF}
	EndGlobalSection
EndGlobal
