
Microsoft Visual Studio Solution File, Format Version 12.00
# Visual Studio Version 16
VisualStudioVersion = 16.0.30104.148
MinimumVisualStudioVersion = 10.0.40219.1
Project("{FAE04EC0-301F-11D3-BF4B-00C04F79EFBC}") = "01. Furniture", "01. Furniture\01. Furniture.csproj", "{F22422DD-C824-4F11-9F20-9D103B40776A}"
EndProject
Project("{FAE04EC0-301F-11D3-BF4B-00C04F79EFBC}") = "02. Race", "02. Race\02. Race.csproj", "{6BC75D80-613F-407B-9D98-E0E5D170031E}"
EndProject
Project("{FAE04EC0-301F-11D3-BF4B-00C04F79EFBC}") = "03. SoftUni Bar Income", "03. SoftUni Bar Income\03. SoftUni Bar Income.csproj", "{10FC7576-BBEF-4583-9FD2-C8F9E9DEFC0B}"
EndProject
Global
	GlobalSection(SolutionConfigurationPlatforms) = preSolution
		Debug|Any CPU = Debug|Any CPU
		Release|Any CPU = Release|Any CPU
	EndGlobalSection
	GlobalSection(ProjectConfigurationPlatforms) = postSolution
		{F22422DD-C824-4F11-9F20-9D103B40776A}.Debug|Any CPU.ActiveCfg = Debug|Any CPU
		{F22422DD-C824-4F11-9F20-9D103B40776A}.Debug|Any CPU.Build.0 = Debug|Any CPU
		{F22422DD-C824-4F11-9F20-9D103B40776A}.Release|Any CPU.ActiveCfg = Release|Any CPU
		{F22422DD-C824-4F11-9F20-9D103B40776A}.Release|Any CPU.Build.0 = Release|Any CPU
		{6BC75D80-613F-407B-9D98-E0E5D170031E}.Debug|Any CPU.ActiveCfg = Debug|Any CPU
		{6BC75D80-613F-407B-9D98-E0E5D170031E}.Debug|Any CPU.Build.0 = Debug|Any CPU
		{6BC75D80-613F-407B-9D98-E0E5D170031E}.Release|Any CPU.ActiveCfg = Release|Any CPU
		{6BC75D80-613F-407B-9D98-E0E5D170031E}.Release|Any CPU.Build.0 = Release|Any CPU
		{10FC7576-BBEF-4583-9FD2-C8F9E9DEFC0B}.Debug|Any CPU.ActiveCfg = Debug|Any CPU
		{10FC7576-BBEF-4583-9FD2-C8F9E9DEFC0B}.Debug|Any CPU.Build.0 = Debug|Any CPU
		{10FC7576-BBEF-4583-9FD2-C8F9E9DEFC0B}.Release|Any CPU.ActiveCfg = Release|Any CPU
		{10FC7576-BBEF-4583-9FD2-C8F9E9DEFC0B}.Release|Any CPU.Build.0 = Release|Any CPU
	EndGlobalSection
	GlobalSection(SolutionProperties) = preSolution
		HideSolutionNode = FALSE
	EndGlobalSection
	GlobalSection(ExtensibilityGlobals) = postSolution
		SolutionGuid = {F7D0B440-AB6E-4432-9E07-3D06240AA25B}
	EndGlobalSection
EndGlobal
