
Microsoft Visual Studio Solution File, Format Version 12.00
# Visual Studio Version 16
VisualStudioVersion = 16.0.30104.148
MinimumVisualStudioVersion = 10.0.40219.1
Project("{9A19103F-16F7-4668-BE54-9A1E7A4F7556}") = "01. Class Box Data", "01. Class Box Data\01. Class Box Data.csproj", "{85FA7C15-4D33-4860-ACC0-65B53567C076}"
EndProject
Project("{9A19103F-16F7-4668-BE54-9A1E7A4F7556}") = "02. Animal Farm", "02. Animal Farm\02. Animal Farm.csproj", "{374B9C33-C8BC-451C-B845-7E8ED76F3FFA}"
EndProject
Project("{9A19103F-16F7-4668-BE54-9A1E7A4F7556}") = "03. Shopping Spree", "03. Shopping Spree\03. Shopping Spree.csproj", "{D5661273-AEAB-422F-9B93-E8D303AE89D0}"
EndProject
Project("{FAE04EC0-301F-11D3-BF4B-00C04F79EFBC}") = "04. Pizza Calories", "04. Pizza Calories\04. Pizza Calories.csproj", "{EFAB8BFE-1EC2-45B0-BD23-43669E526A8C}"
EndProject
Global
	GlobalSection(SolutionConfigurationPlatforms) = preSolution
		Debug|Any CPU = Debug|Any CPU
		Release|Any CPU = Release|Any CPU
	EndGlobalSection
	GlobalSection(ProjectConfigurationPlatforms) = postSolution
		{85FA7C15-4D33-4860-ACC0-65B53567C076}.Debug|Any CPU.ActiveCfg = Debug|Any CPU
		{85FA7C15-4D33-4860-ACC0-65B53567C076}.Debug|Any CPU.Build.0 = Debug|Any CPU
		{85FA7C15-4D33-4860-ACC0-65B53567C076}.Release|Any CPU.ActiveCfg = Release|Any CPU
		{85FA7C15-4D33-4860-ACC0-65B53567C076}.Release|Any CPU.Build.0 = Release|Any CPU
		{374B9C33-C8BC-451C-B845-7E8ED76F3FFA}.Debug|Any CPU.ActiveCfg = Debug|Any CPU
		{374B9C33-C8BC-451C-B845-7E8ED76F3FFA}.Debug|Any CPU.Build.0 = Debug|Any CPU
		{374B9C33-C8BC-451C-B845-7E8ED76F3FFA}.Release|Any CPU.ActiveCfg = Release|Any CPU
		{374B9C33-C8BC-451C-B845-7E8ED76F3FFA}.Release|Any CPU.Build.0 = Release|Any CPU
		{D5661273-AEAB-422F-9B93-E8D303AE89D0}.Debug|Any CPU.ActiveCfg = Debug|Any CPU
		{D5661273-AEAB-422F-9B93-E8D303AE89D0}.Debug|Any CPU.Build.0 = Debug|Any CPU
		{D5661273-AEAB-422F-9B93-E8D303AE89D0}.Release|Any CPU.ActiveCfg = Release|Any CPU
		{D5661273-AEAB-422F-9B93-E8D303AE89D0}.Release|Any CPU.Build.0 = Release|Any CPU
		{EFAB8BFE-1EC2-45B0-BD23-43669E526A8C}.Debug|Any CPU.ActiveCfg = Debug|Any CPU
		{EFAB8BFE-1EC2-45B0-BD23-43669E526A8C}.Debug|Any CPU.Build.0 = Debug|Any CPU
		{EFAB8BFE-1EC2-45B0-BD23-43669E526A8C}.Release|Any CPU.ActiveCfg = Release|Any CPU
		{EFAB8BFE-1EC2-45B0-BD23-43669E526A8C}.Release|Any CPU.Build.0 = Release|Any CPU
	EndGlobalSection
	GlobalSection(SolutionProperties) = preSolution
		HideSolutionNode = FALSE
	EndGlobalSection
	GlobalSection(ExtensibilityGlobals) = postSolution
		SolutionGuid = {16196862-85B2-44A7-9A5B-E1594BF382CC}
	EndGlobalSection
EndGlobal
