
Microsoft Visual Studio Solution File, Format Version 12.00
# Visual Studio Version 16
VisualStudioVersion = 16.0.29709.97
MinimumVisualStudioVersion = 10.0.40219.1
Project("{FAE04EC0-301F-11D3-BF4B-00C04F79EFBC}") = "01. Day of Week", "01. Day of Week\01. Day of Week.csproj", "{2182E29C-492A-4BE2-A82E-BB76078A28A5}"
EndProject
Project("{FAE04EC0-301F-11D3-BF4B-00C04F79EFBC}") = "02. Animal Type", "02. Animal Type\02. Animal Type.csproj", "{A3EFC2D4-F42F-4FA2-9BF7-26CB57E33358}"
EndProject
Project("{FAE04EC0-301F-11D3-BF4B-00C04F79EFBC}") = "03. Personal Titles", "03. Personal Titles\03. Personal Titles.csproj", "{97BB0E06-6E95-4232-9CC0-C1B1824995CE}"
EndProject
Project("{FAE04EC0-301F-11D3-BF4B-00C04F79EFBC}") = "04. Small Shop", "04. Small Shop\04. Small Shop.csproj", "{5DAE9811-6909-4598-B976-DCC7D066F05B}"
EndProject
Project("{FAE04EC0-301F-11D3-BF4B-00C04F79EFBC}") = "06. Fruit or Vegetable", "06. Fruit or Vegetable\06. Fruit or Vegetable.csproj", "{753A8606-6AA3-471A-8C1E-C3E92566706A}"
EndProject
Project("{FAE04EC0-301F-11D3-BF4B-00C04F79EFBC}") = "05. Number in Range", "05. Number in Range\05. Number in Range.csproj", "{64A65FE5-1313-4416-875F-04C418639635}"
EndProject
Project("{FAE04EC0-301F-11D3-BF4B-00C04F79EFBC}") = "07. Invalid Number", "07. Invalid Number\07. Invalid Number.csproj", "{8A42674A-F75F-4928-97B6-061C35A96223}"
EndProject
Project("{FAE04EC0-301F-11D3-BF4B-00C04F79EFBC}") = "08. Fruit Shop", "08. Fruit Shop\08. Fruit Shop.csproj", "{DF0342BF-9893-43F8-A922-E317E8814504}"
EndProject
Project("{FAE04EC0-301F-11D3-BF4B-00C04F79EFBC}") = "09. Trade Commissions", "09. Trade Commissions\09. Trade Commissions.csproj", "{FA7202CB-0535-4BC0-B9B7-B8282D0C9EEA}"
EndProject
Project("{FAE04EC0-301F-11D3-BF4B-00C04F79EFBC}") = "10. Ski Trip", "10. Ski Trip\10. Ski Trip.csproj", "{DB7EB1DC-513C-4B11-BA7F-A1732732BA1D}"
EndProject
Global
	GlobalSection(SolutionConfigurationPlatforms) = preSolution
		Debug|Any CPU = Debug|Any CPU
		Release|Any CPU = Release|Any CPU
	EndGlobalSection
	GlobalSection(ProjectConfigurationPlatforms) = postSolution
		{2182E29C-492A-4BE2-A82E-BB76078A28A5}.Debug|Any CPU.ActiveCfg = Debug|Any CPU
		{2182E29C-492A-4BE2-A82E-BB76078A28A5}.Debug|Any CPU.Build.0 = Debug|Any CPU
		{2182E29C-492A-4BE2-A82E-BB76078A28A5}.Release|Any CPU.ActiveCfg = Release|Any CPU
		{2182E29C-492A-4BE2-A82E-BB76078A28A5}.Release|Any CPU.Build.0 = Release|Any CPU
		{A3EFC2D4-F42F-4FA2-9BF7-26CB57E33358}.Debug|Any CPU.ActiveCfg = Debug|Any CPU
		{A3EFC2D4-F42F-4FA2-9BF7-26CB57E33358}.Debug|Any CPU.Build.0 = Debug|Any CPU
		{A3EFC2D4-F42F-4FA2-9BF7-26CB57E33358}.Release|Any CPU.ActiveCfg = Release|Any CPU
		{A3EFC2D4-F42F-4FA2-9BF7-26CB57E33358}.Release|Any CPU.Build.0 = Release|Any CPU
		{97BB0E06-6E95-4232-9CC0-C1B1824995CE}.Debug|Any CPU.ActiveCfg = Debug|Any CPU
		{97BB0E06-6E95-4232-9CC0-C1B1824995CE}.Debug|Any CPU.Build.0 = Debug|Any CPU
		{97BB0E06-6E95-4232-9CC0-C1B1824995CE}.Release|Any CPU.ActiveCfg = Release|Any CPU
		{97BB0E06-6E95-4232-9CC0-C1B1824995CE}.Release|Any CPU.Build.0 = Release|Any CPU
		{5DAE9811-6909-4598-B976-DCC7D066F05B}.Debug|Any CPU.ActiveCfg = Debug|Any CPU
		{5DAE9811-6909-4598-B976-DCC7D066F05B}.Debug|Any CPU.Build.0 = Debug|Any CPU
		{5DAE9811-6909-4598-B976-DCC7D066F05B}.Release|Any CPU.ActiveCfg = Release|Any CPU
		{5DAE9811-6909-4598-B976-DCC7D066F05B}.Release|Any CPU.Build.0 = Release|Any CPU
		{753A8606-6AA3-471A-8C1E-C3E92566706A}.Debug|Any CPU.ActiveCfg = Debug|Any CPU
		{753A8606-6AA3-471A-8C1E-C3E92566706A}.Debug|Any CPU.Build.0 = Debug|Any CPU
		{753A8606-6AA3-471A-8C1E-C3E92566706A}.Release|Any CPU.ActiveCfg = Release|Any CPU
		{753A8606-6AA3-471A-8C1E-C3E92566706A}.Release|Any CPU.Build.0 = Release|Any CPU
		{64A65FE5-1313-4416-875F-04C418639635}.Debug|Any CPU.ActiveCfg = Debug|Any CPU
		{64A65FE5-1313-4416-875F-04C418639635}.Debug|Any CPU.Build.0 = Debug|Any CPU
		{64A65FE5-1313-4416-875F-04C418639635}.Release|Any CPU.ActiveCfg = Release|Any CPU
		{64A65FE5-1313-4416-875F-04C418639635}.Release|Any CPU.Build.0 = Release|Any CPU
		{8A42674A-F75F-4928-97B6-061C35A96223}.Debug|Any CPU.ActiveCfg = Debug|Any CPU
		{8A42674A-F75F-4928-97B6-061C35A96223}.Debug|Any CPU.Build.0 = Debug|Any CPU
		{8A42674A-F75F-4928-97B6-061C35A96223}.Release|Any CPU.ActiveCfg = Release|Any CPU
		{8A42674A-F75F-4928-97B6-061C35A96223}.Release|Any CPU.Build.0 = Release|Any CPU
		{DF0342BF-9893-43F8-A922-E317E8814504}.Debug|Any CPU.ActiveCfg = Debug|Any CPU
		{DF0342BF-9893-43F8-A922-E317E8814504}.Debug|Any CPU.Build.0 = Debug|Any CPU
		{DF0342BF-9893-43F8-A922-E317E8814504}.Release|Any CPU.ActiveCfg = Release|Any CPU
		{DF0342BF-9893-43F8-A922-E317E8814504}.Release|Any CPU.Build.0 = Release|Any CPU
		{FA7202CB-0535-4BC0-B9B7-B8282D0C9EEA}.Debug|Any CPU.ActiveCfg = Debug|Any CPU
		{FA7202CB-0535-4BC0-B9B7-B8282D0C9EEA}.Debug|Any CPU.Build.0 = Debug|Any CPU
		{FA7202CB-0535-4BC0-B9B7-B8282D0C9EEA}.Release|Any CPU.ActiveCfg = Release|Any CPU
		{FA7202CB-0535-4BC0-B9B7-B8282D0C9EEA}.Release|Any CPU.Build.0 = Release|Any CPU
		{DB7EB1DC-513C-4B11-BA7F-A1732732BA1D}.Debug|Any CPU.ActiveCfg = Debug|Any CPU
		{DB7EB1DC-513C-4B11-BA7F-A1732732BA1D}.Debug|Any CPU.Build.0 = Debug|Any CPU
		{DB7EB1DC-513C-4B11-BA7F-A1732732BA1D}.Release|Any CPU.ActiveCfg = Release|Any CPU
		{DB7EB1DC-513C-4B11-BA7F-A1732732BA1D}.Release|Any CPU.Build.0 = Release|Any CPU
	EndGlobalSection
	GlobalSection(SolutionProperties) = preSolution
		HideSolutionNode = FALSE
	EndGlobalSection
	GlobalSection(ExtensibilityGlobals) = postSolution
		SolutionGuid = {6F3EA7E8-32F7-47CE-8AF2-9A2D1A75FED4}
	EndGlobalSection
EndGlobal
