
Microsoft Visual Studio Solution File, Format Version 12.00
# Visual Studio Version 16
VisualStudioVersion = 16.0.30104.148
MinimumVisualStudioVersion = 10.0.40219.1
Project("{FAE04EC0-301F-11D3-BF4B-00C04F79EFBC}") = "01. Cooking", "01. Cooking\01. Cooking.csproj", "{6E13B56C-2ECC-46A3-BD7D-20538DD59A42}"
EndProject
Project("{FAE04EC0-301F-11D3-BF4B-00C04F79EFBC}") = "02. Selling", "02. Selling\02. Selling.csproj", "{D70BA88B-F8F9-4068-8C8F-174748C7FD0F}"
EndProject
Project("{9A19103F-16F7-4668-BE54-9A1E7A4F7556}") = "03. Bakery Opening", "03. Openning\03. Bakery Opening.csproj", "{9BDFC879-4E1E-4181-B04A-9182A29BCF20}"
EndProject
Global
	GlobalSection(SolutionConfigurationPlatforms) = preSolution
		Debug|Any CPU = Debug|Any CPU
		Release|Any CPU = Release|Any CPU
	EndGlobalSection
	GlobalSection(ProjectConfigurationPlatforms) = postSolution
		{6E13B56C-2ECC-46A3-BD7D-20538DD59A42}.Debug|Any CPU.ActiveCfg = Debug|Any CPU
		{6E13B56C-2ECC-46A3-BD7D-20538DD59A42}.Debug|Any CPU.Build.0 = Debug|Any CPU
		{6E13B56C-2ECC-46A3-BD7D-20538DD59A42}.Release|Any CPU.ActiveCfg = Release|Any CPU
		{6E13B56C-2ECC-46A3-BD7D-20538DD59A42}.Release|Any CPU.Build.0 = Release|Any CPU
		{D70BA88B-F8F9-4068-8C8F-174748C7FD0F}.Debug|Any CPU.ActiveCfg = Debug|Any CPU
		{D70BA88B-F8F9-4068-8C8F-174748C7FD0F}.Debug|Any CPU.Build.0 = Debug|Any CPU
		{D70BA88B-F8F9-4068-8C8F-174748C7FD0F}.Release|Any CPU.ActiveCfg = Release|Any CPU
		{D70BA88B-F8F9-4068-8C8F-174748C7FD0F}.Release|Any CPU.Build.0 = Release|Any CPU
		{9BDFC879-4E1E-4181-B04A-9182A29BCF20}.Debug|Any CPU.ActiveCfg = Debug|Any CPU
		{9BDFC879-4E1E-4181-B04A-9182A29BCF20}.Debug|Any CPU.Build.0 = Debug|Any CPU
		{9BDFC879-4E1E-4181-B04A-9182A29BCF20}.Release|Any CPU.ActiveCfg = Release|Any CPU
		{9BDFC879-4E1E-4181-B04A-9182A29BCF20}.Release|Any CPU.Build.0 = Release|Any CPU
	EndGlobalSection
	GlobalSection(SolutionProperties) = preSolution
		HideSolutionNode = FALSE
	EndGlobalSection
	GlobalSection(ExtensibilityGlobals) = postSolution
		SolutionGuid = {30DD18B4-B973-4560-A9F2-685C5E9DDC01}
	EndGlobalSection
EndGlobal
