
Microsoft Visual Studio Solution File, Format Version 12.00
# Visual Studio Version 16
VisualStudioVersion = 16.0.29709.97
MinimumVisualStudioVersion = 10.0.40219.1
Project("{FAE04EC0-301F-11D3-BF4B-00C04F79EFBC}") = "01. Numbers from 1 to 100", "01. Numbers from 1 to 100\01. Numbers from 1 to 100.csproj", "{69027DAC-25E1-4B1D-939A-2F2D458D15FC}"
EndProject
Project("{FAE04EC0-301F-11D3-BF4B-00C04F79EFBC}") = "02. Numbers N to 1", "02. Numbers N to 1\02. Numbers N to 1.csproj", "{DF126AB2-4F22-4B22-A28E-135F6C514416}"
EndProject
Project("{FAE04EC0-301F-11D3-BF4B-00C04F79EFBC}") = "03. Numbers 1 to N with Step 3", "03. Numbers 1 to N with Step 3\03. Numbers 1 to N with Step 3.csproj", "{7830557D-7E41-425C-93C6-C00A3186C107}"
EndProject
Project("{FAE04EC0-301F-11D3-BF4B-00C04F79EFBC}") = "04. Even Powers of 2", "04. Even Powers of 2\04. Even Powers of 2.csproj", "{0C4B816C-4BC3-4E01-A0A6-45A7DE466E3D}"
EndProject
Project("{FAE04EC0-301F-11D3-BF4B-00C04F79EFBC}") = "05. Character Sequence", "05. Character Sequence\05. Character Sequence.csproj", "{7F06D595-4E31-4740-AC89-9A6E8CDAC7B7}"
EndProject
Project("{FAE04EC0-301F-11D3-BF4B-00C04F79EFBC}") = "06. Vowels Sum", "06. Vowels Sum\06. Vowels Sum.csproj", "{B984625A-E48D-4FC6-9A31-5F88C558A84A}"
EndProject
Project("{FAE04EC0-301F-11D3-BF4B-00C04F79EFBC}") = "07. Sum Numbers", "07. Sum Numbers\07. Sum Numbers.csproj", "{380C01F1-4B08-439C-B84C-5CCA11914088}"
EndProject
Project("{FAE04EC0-301F-11D3-BF4B-00C04F79EFBC}") = "08. Number sequence", "08. Number sequence\08. Number sequence.csproj", "{C1BEC2FB-93C2-4C79-83D0-15F046ECA9E3}"
EndProject
Project("{FAE04EC0-301F-11D3-BF4B-00C04F79EFBC}") = "09. Left and Right Sum", "09. Left and Right Sum\09. Left and Right Sum.csproj", "{CC78CF8C-135D-44E3-9D38-D0394BB0726B}"
EndProject
Project("{FAE04EC0-301F-11D3-BF4B-00C04F79EFBC}") = "10. Odd Even Sum", "10. Odd Even Sum\10. Odd Even Sum.csproj", "{F45188D6-DCB9-492A-88D4-02AFBC487091}"
EndProject
Global
	GlobalSection(SolutionConfigurationPlatforms) = preSolution
		Debug|Any CPU = Debug|Any CPU
		Release|Any CPU = Release|Any CPU
	EndGlobalSection
	GlobalSection(ProjectConfigurationPlatforms) = postSolution
		{69027DAC-25E1-4B1D-939A-2F2D458D15FC}.Debug|Any CPU.ActiveCfg = Debug|Any CPU
		{69027DAC-25E1-4B1D-939A-2F2D458D15FC}.Debug|Any CPU.Build.0 = Debug|Any CPU
		{69027DAC-25E1-4B1D-939A-2F2D458D15FC}.Release|Any CPU.ActiveCfg = Release|Any CPU
		{69027DAC-25E1-4B1D-939A-2F2D458D15FC}.Release|Any CPU.Build.0 = Release|Any CPU
		{DF126AB2-4F22-4B22-A28E-135F6C514416}.Debug|Any CPU.ActiveCfg = Debug|Any CPU
		{DF126AB2-4F22-4B22-A28E-135F6C514416}.Debug|Any CPU.Build.0 = Debug|Any CPU
		{DF126AB2-4F22-4B22-A28E-135F6C514416}.Release|Any CPU.ActiveCfg = Release|Any CPU
		{DF126AB2-4F22-4B22-A28E-135F6C514416}.Release|Any CPU.Build.0 = Release|Any CPU
		{7830557D-7E41-425C-93C6-C00A3186C107}.Debug|Any CPU.ActiveCfg = Debug|Any CPU
		{7830557D-7E41-425C-93C6-C00A3186C107}.Debug|Any CPU.Build.0 = Debug|Any CPU
		{7830557D-7E41-425C-93C6-C00A3186C107}.Release|Any CPU.ActiveCfg = Release|Any CPU
		{7830557D-7E41-425C-93C6-C00A3186C107}.Release|Any CPU.Build.0 = Release|Any CPU
		{0C4B816C-4BC3-4E01-A0A6-45A7DE466E3D}.Debug|Any CPU.ActiveCfg = Debug|Any CPU
		{0C4B816C-4BC3-4E01-A0A6-45A7DE466E3D}.Debug|Any CPU.Build.0 = Debug|Any CPU
		{0C4B816C-4BC3-4E01-A0A6-45A7DE466E3D}.Release|Any CPU.ActiveCfg = Release|Any CPU
		{0C4B816C-4BC3-4E01-A0A6-45A7DE466E3D}.Release|Any CPU.Build.0 = Release|Any CPU
		{7F06D595-4E31-4740-AC89-9A6E8CDAC7B7}.Debug|Any CPU.ActiveCfg = Debug|Any CPU
		{7F06D595-4E31-4740-AC89-9A6E8CDAC7B7}.Debug|Any CPU.Build.0 = Debug|Any CPU
		{7F06D595-4E31-4740-AC89-9A6E8CDAC7B7}.Release|Any CPU.ActiveCfg = Release|Any CPU
		{7F06D595-4E31-4740-AC89-9A6E8CDAC7B7}.Release|Any CPU.Build.0 = Release|Any CPU
		{B984625A-E48D-4FC6-9A31-5F88C558A84A}.Debug|Any CPU.ActiveCfg = Debug|Any CPU
		{B984625A-E48D-4FC6-9A31-5F88C558A84A}.Debug|Any CPU.Build.0 = Debug|Any CPU
		{B984625A-E48D-4FC6-9A31-5F88C558A84A}.Release|Any CPU.ActiveCfg = Release|Any CPU
		{B984625A-E48D-4FC6-9A31-5F88C558A84A}.Release|Any CPU.Build.0 = Release|Any CPU
		{380C01F1-4B08-439C-B84C-5CCA11914088}.Debug|Any CPU.ActiveCfg = Debug|Any CPU
		{380C01F1-4B08-439C-B84C-5CCA11914088}.Debug|Any CPU.Build.0 = Debug|Any CPU
		{380C01F1-4B08-439C-B84C-5CCA11914088}.Release|Any CPU.ActiveCfg = Release|Any CPU
		{380C01F1-4B08-439C-B84C-5CCA11914088}.Release|Any CPU.Build.0 = Release|Any CPU
		{C1BEC2FB-93C2-4C79-83D0-15F046ECA9E3}.Debug|Any CPU.ActiveCfg = Debug|Any CPU
		{C1BEC2FB-93C2-4C79-83D0-15F046ECA9E3}.Debug|Any CPU.Build.0 = Debug|Any CPU
		{C1BEC2FB-93C2-4C79-83D0-15F046ECA9E3}.Release|Any CPU.ActiveCfg = Release|Any CPU
		{C1BEC2FB-93C2-4C79-83D0-15F046ECA9E3}.Release|Any CPU.Build.0 = Release|Any CPU
		{CC78CF8C-135D-44E3-9D38-D0394BB0726B}.Debug|Any CPU.ActiveCfg = Debug|Any CPU
		{CC78CF8C-135D-44E3-9D38-D0394BB0726B}.Debug|Any CPU.Build.0 = Debug|Any CPU
		{CC78CF8C-135D-44E3-9D38-D0394BB0726B}.Release|Any CPU.ActiveCfg = Release|Any CPU
		{CC78CF8C-135D-44E3-9D38-D0394BB0726B}.Release|Any CPU.Build.0 = Release|Any CPU
		{F45188D6-DCB9-492A-88D4-02AFBC487091}.Debug|Any CPU.ActiveCfg = Debug|Any CPU
		{F45188D6-DCB9-492A-88D4-02AFBC487091}.Debug|Any CPU.Build.0 = Debug|Any CPU
		{F45188D6-DCB9-492A-88D4-02AFBC487091}.Release|Any CPU.ActiveCfg = Release|Any CPU
		{F45188D6-DCB9-492A-88D4-02AFBC487091}.Release|Any CPU.Build.0 = Release|Any CPU
	EndGlobalSection
	GlobalSection(SolutionProperties) = preSolution
		HideSolutionNode = FALSE
	EndGlobalSection
	GlobalSection(ExtensibilityGlobals) = postSolution
		SolutionGuid = {00404CFA-A29C-4DBC-BB26-43B0A73E01DE}
	EndGlobalSection
EndGlobal
