
Microsoft Visual Studio Solution File, Format Version 12.00
# Visual Studio Version 16
VisualStudioVersion = 16.0.30104.148
MinimumVisualStudioVersion = 10.0.40219.1
Project("{FAE04EC0-301F-11D3-BF4B-00C04F79EFBC}") = "01. Unique Usernames", "01. Unique Usernames\01. Unique Usernames.csproj", "{0AF07260-B30A-4041-A406-668A41A730A4}"
EndProject
Project("{FAE04EC0-301F-11D3-BF4B-00C04F79EFBC}") = "02. Sets of Elements", "02. Sets of Elements\02. Sets of Elements.csproj", "{9F513C4C-0E77-4794-AF73-87836326A298}"
EndProject
Project("{FAE04EC0-301F-11D3-BF4B-00C04F79EFBC}") = "03. Periodic Table", "03. Periodic Table\03. Periodic Table.csproj", "{95C20F73-F1A5-4F06-856F-84587A76F421}"
EndProject
Project("{FAE04EC0-301F-11D3-BF4B-00C04F79EFBC}") = "04. Even Times", "04. Even Times\04. Even Times.csproj", "{C7854BEF-64A6-43D8-B42E-D598922D7860}"
EndProject
Project("{FAE04EC0-301F-11D3-BF4B-00C04F79EFBC}") = "05. Count Symbols", "05. Count Symbols\05. Count Symbols.csproj", "{318FD4DA-A8A0-47CA-9358-B51F12B122B5}"
EndProject
Project("{FAE04EC0-301F-11D3-BF4B-00C04F79EFBC}") = "06. Wardrobe", "06. Wardrobe\06. Wardrobe.csproj", "{4CC9823E-EB51-4A1F-B2EB-CB6A20CC5203}"
EndProject
Global
	GlobalSection(SolutionConfigurationPlatforms) = preSolution
		Debug|Any CPU = Debug|Any CPU
		Release|Any CPU = Release|Any CPU
	EndGlobalSection
	GlobalSection(ProjectConfigurationPlatforms) = postSolution
		{0AF07260-B30A-4041-A406-668A41A730A4}.Debug|Any CPU.ActiveCfg = Debug|Any CPU
		{0AF07260-B30A-4041-A406-668A41A730A4}.Debug|Any CPU.Build.0 = Debug|Any CPU
		{0AF07260-B30A-4041-A406-668A41A730A4}.Release|Any CPU.ActiveCfg = Release|Any CPU
		{0AF07260-B30A-4041-A406-668A41A730A4}.Release|Any CPU.Build.0 = Release|Any CPU
		{9F513C4C-0E77-4794-AF73-87836326A298}.Debug|Any CPU.ActiveCfg = Debug|Any CPU
		{9F513C4C-0E77-4794-AF73-87836326A298}.Debug|Any CPU.Build.0 = Debug|Any CPU
		{9F513C4C-0E77-4794-AF73-87836326A298}.Release|Any CPU.ActiveCfg = Release|Any CPU
		{9F513C4C-0E77-4794-AF73-87836326A298}.Release|Any CPU.Build.0 = Release|Any CPU
		{95C20F73-F1A5-4F06-856F-84587A76F421}.Debug|Any CPU.ActiveCfg = Debug|Any CPU
		{95C20F73-F1A5-4F06-856F-84587A76F421}.Debug|Any CPU.Build.0 = Debug|Any CPU
		{95C20F73-F1A5-4F06-856F-84587A76F421}.Release|Any CPU.ActiveCfg = Release|Any CPU
		{95C20F73-F1A5-4F06-856F-84587A76F421}.Release|Any CPU.Build.0 = Release|Any CPU
		{C7854BEF-64A6-43D8-B42E-D598922D7860}.Debug|Any CPU.ActiveCfg = Debug|Any CPU
		{C7854BEF-64A6-43D8-B42E-D598922D7860}.Debug|Any CPU.Build.0 = Debug|Any CPU
		{C7854BEF-64A6-43D8-B42E-D598922D7860}.Release|Any CPU.ActiveCfg = Release|Any CPU
		{C7854BEF-64A6-43D8-B42E-D598922D7860}.Release|Any CPU.Build.0 = Release|Any CPU
		{318FD4DA-A8A0-47CA-9358-B51F12B122B5}.Debug|Any CPU.ActiveCfg = Debug|Any CPU
		{318FD4DA-A8A0-47CA-9358-B51F12B122B5}.Debug|Any CPU.Build.0 = Debug|Any CPU
		{318FD4DA-A8A0-47CA-9358-B51F12B122B5}.Release|Any CPU.ActiveCfg = Release|Any CPU
		{318FD4DA-A8A0-47CA-9358-B51F12B122B5}.Release|Any CPU.Build.0 = Release|Any CPU
		{4CC9823E-EB51-4A1F-B2EB-CB6A20CC5203}.Debug|Any CPU.ActiveCfg = Debug|Any CPU
		{4CC9823E-EB51-4A1F-B2EB-CB6A20CC5203}.Debug|Any CPU.Build.0 = Debug|Any CPU
		{4CC9823E-EB51-4A1F-B2EB-CB6A20CC5203}.Release|Any CPU.ActiveCfg = Release|Any CPU
		{4CC9823E-EB51-4A1F-B2EB-CB6A20CC5203}.Release|Any CPU.Build.0 = Release|Any CPU
	EndGlobalSection
	GlobalSection(SolutionProperties) = preSolution
		HideSolutionNode = FALSE
	EndGlobalSection
	GlobalSection(ExtensibilityGlobals) = postSolution
		SolutionGuid = {B4B39A13-455C-4484-91BB-E8743F3EC98E}
	EndGlobalSection
EndGlobal
